
Microsoft Visual Studio Solution File, Format Version 12.00
# Visual Studio 15
VisualStudioVersion = 15.0.26730.16
MinimumVisualStudioVersion = 10.0.40219.1
Project("{FAE04EC0-301F-11D3-BF4B-00C04F79EFBC}") = "GummyBearKingdom", "GummyBearKingdom\GummyBearKingdom.csproj", "{CE1B2B5F-A90C-4E4A-A5BC-7CF8ABD39801}"
EndProject
Global
	GlobalSection(SolutionConfigurationPlatforms) = preSolution
		Debug|Any CPU = Debug|Any CPU
		Release|Any CPU = Release|Any CPU
	EndGlobalSection
	GlobalSection(ProjectConfigurationPlatforms) = postSolution
		{CE1B2B5F-A90C-4E4A-A5BC-7CF8ABD39801}.Debug|Any CPU.ActiveCfg = Debug|Any CPU
		{CE1B2B5F-A90C-4E4A-A5BC-7CF8ABD39801}.Debug|Any CPU.Build.0 = Debug|Any CPU
		{CE1B2B5F-A90C-4E4A-A5BC-7CF8ABD39801}.Release|Any CPU.ActiveCfg = Release|Any CPU
		{CE1B2B5F-A90C-4E4A-A5BC-7CF8ABD39801}.Release|Any CPU.Build.0 = Release|Any CPU
	EndGlobalSection
	GlobalSection(SolutionProperties) = preSolution
		HideSolutionNode = FALSE
	EndGlobalSection
	GlobalSection(ExtensibilityGlobals) = postSolution
		SolutionGuid = {9681584C-371D-40B4-9C24-9B22332B430F}
	EndGlobalSection
EndGlobal
